{
  "originHash" : "1c065adeaa18b2d5dae5778a85c41a14c88f071bd96fad0b4e0471a5a70f5384",
  "pins" : [
    {
      "identity" : "swift-argument-parser",
      "kind" : "remoteSourceControl",
      "location" : "https://github.com/apple/swift-argument-parser.git",
      "state" : {
        "revision" : "626b5b7b2f45e1b0b1c6f4a309296d1d21d7311b",
        "version" : "1.7.1"
      }
    },
    {
      "identity" : "swift-leveldb",
      "kind" : "remoteSourceControl",
      "location" : "git@github.com:OpenCow42/swift-leveldb.git",
      "state" : {
        "branch" : "main",
        "revision" : "0f7f66f63bbd7f35f9606d4983a5d1c456a9ca71"
      }
    },
    {
      "identity" : "zstd",
      "kind" : "remoteSourceControl",
      "location" : "https://github.com/facebook/zstd.git",
      "state" : {
        "revision" : "f8745da6ff1ad1e7bab384bd1f9d742439278e99",
        "version" : "1.5.7"
      }
    }
  ],
  "version" : 3
}
