{
  "originHash" : "dfa4aba6f69008c090ab2a36addb7106b01b74d4bf6a298b7dab8572f774052d",
  "pins" : [
    {
      "identity" : "swift-argument-parser",
      "kind" : "remoteSourceControl",
      "location" : "https://github.com/apple/swift-argument-parser.git",
      "state" : {
        "revision" : "011f0c765fb46d9cac61bca19be0527e99c98c8b",
        "version" : "1.5.1"
      }
    },
    {
      "identity" : "swift-leveldb",
      "kind" : "remoteSourceControl",
      "location" : "git@github.com:OpenCow42/swift-leveldb.git",
      "state" : {
        "branch" : "main",
        "revision" : "4432f66a1dbe381b20e4aea06bf5a99c0df9ff6a"
      }
    },
    {
      "identity" : "swift-property-based",
      "kind" : "remoteSourceControl",
      "location" : "https://github.com/x-sheep/swift-property-based.git",
      "state" : {
        "revision" : "edaffedcd90339544fefb2f045f3fa988d94c794",
        "version" : "1.2.0"
      }
    },
    {
      "identity" : "zstd",
      "kind" : "remoteSourceControl",
      "location" : "https://github.com/facebook/zstd.git",
      "state" : {
        "revision" : "f8745da6ff1ad1e7bab384bd1f9d742439278e99",
        "version" : "1.5.7"
      }
    }
  ],
  "version" : 3
}